
Microsoft Visual Studio Solution File, Format Version 12.00
# Visual Studio Version 17
VisualStudioVersion = 17.3.32922.545
MinimumVisualStudioVersion = 10.0.40219.1
Project("{8BC9CEB8-8B4A-11D0-8D11-00A0C91BC942}") = "Pistachio", "Pistachio\Pistachio.vcxproj", "{C3A6BDF9-BE64-4C23-8078-776722D68FDD}"
	ProjectSection(ProjectDependencies) = postProject
		{C6CF0B61-B7FF-4343-B0DA-9412FCF1219D} = {C6CF0B61-B7FF-4343-B0DA-9412FCF1219D}
	EndProjectSection
EndProject
Project("{8BC9CEB8-8B4A-11D0-8D11-00A0C91BC942}") = "Pistachio-Editor", "Editor\Pistachio-Editor.vcxproj", "{8A3C8A98-8A41-43A0-89DF-81420DC02AEA}"
EndProject
Project("{8BC9CEB8-8B4A-11D0-8D11-00A0C91BC942}") = "PistachioDotNetBridge", "PistachioDotNetBridge\PistachioDotNetBridge.vcxproj", "{6545E5F4-73A4-4D35-8207-F71AEF67DA4D}"
	ProjectSection(ProjectDependencies) = postProject
		{C3A6BDF9-BE64-4C23-8078-776722D68FDD} = {C3A6BDF9-BE64-4C23-8078-776722D68FDD}
	EndProjectSection
EndProject
Project("{8BC9CEB8-8B4A-11D0-8D11-00A0C91BC942}") = "RenderHardwareInterface", "..\RenderHardwareInterface\RenderHardwareInterface\RenderHardwareInterface.vcxproj", "{C6CF0B61-B7FF-4343-B0DA-9412FCF1219D}"
EndProject
Project("{8BC9CEB8-8B4A-11D0-8D11-00A0C91BC942}") = "Sandbox", "Sandbox\Sandbox.vcxproj", "{3D81EE23-8ADE-464F-B2D4-10E03F062792}"
EndProject
Project("{9A19103F-16F7-4668-BE54-9A1E7A4F7556}") = "EditorCSharp", "EditorCSharp\EditorCSharp.csproj", "{5116AEE8-1AE1-4B84-B851-85A2F5EE5A68}"
EndProject
Project("{9A19103F-16F7-4668-BE54-9A1E7A4F7556}") = "EditorCSharp.Desktop", "EditorCSharp.Desktop\EditorCSharp.Desktop.csproj", "{E5D74D57-3E3F-43C2-BEEA-30F23D6F3BF6}"
EndProject
Global
	GlobalSection(SolutionConfigurationPlatforms) = preSolution
		Debug|Any CPU = Debug|Any CPU
		Debug|x64 = Debug|x64
		Debug|x86 = Debug|x86
		Debug-Direct3D12|Any CPU = Debug-Direct3D12|Any CPU
		Debug-Direct3D12|x64 = Debug-Direct3D12|x64
		Debug-Direct3D12|x86 = Debug-Direct3D12|x86
		Debug-Vulkan|Any CPU = Debug-Vulkan|Any CPU
		Debug-Vulkan|x64 = Debug-Vulkan|x64
		Debug-Vulkan|x86 = Debug-Vulkan|x86
		Release|Any CPU = Release|Any CPU
		Release|x64 = Release|x64
		Release|x86 = Release|x86
		Release-Direct3D12|Any CPU = Release-Direct3D12|Any CPU
		Release-Direct3D12|x64 = Release-Direct3D12|x64
		Release-Direct3D12|x86 = Release-Direct3D12|x86
	EndGlobalSection
	GlobalSection(ProjectConfigurationPlatforms) = postSolution
		{C3A6BDF9-BE64-4C23-8078-776722D68FDD}.Debug|Any CPU.ActiveCfg = Debug|x64
		{C3A6BDF9-BE64-4C23-8078-776722D68FDD}.Debug|Any CPU.Build.0 = Debug|x64
		{C3A6BDF9-BE64-4C23-8078-776722D68FDD}.Debug|x64.ActiveCfg = Debug|x64
		{C3A6BDF9-BE64-4C23-8078-776722D68FDD}.Debug|x64.Build.0 = Debug|x64
		{C3A6BDF9-BE64-4C23-8078-776722D68FDD}.Debug|x86.ActiveCfg = Debug|x64
		{C3A6BDF9-BE64-4C23-8078-776722D68FDD}.Debug|x86.Build.0 = Debug|x64
		{C3A6BDF9-BE64-4C23-8078-776722D68FDD}.Debug-Direct3D12|Any CPU.ActiveCfg = Debug|x64
		{C3A6BDF9-BE64-4C23-8078-776722D68FDD}.Debug-Direct3D12|Any CPU.Build.0 = Debug|x64
		{C3A6BDF9-BE64-4C23-8078-776722D68FDD}.Debug-Direct3D12|x64.ActiveCfg = Debug|x64
		{C3A6BDF9-BE64-4C23-8078-776722D68FDD}.Debug-Direct3D12|x64.Build.0 = Debug|x64
		{C3A6BDF9-BE64-4C23-8078-776722D68FDD}.Debug-Direct3D12|x86.ActiveCfg = Debug|x64
		{C3A6BDF9-BE64-4C23-8078-776722D68FDD}.Debug-Direct3D12|x86.Build.0 = Debug|x64
		{C3A6BDF9-BE64-4C23-8078-776722D68FDD}.Debug-Vulkan|Any CPU.ActiveCfg = Debug|x64
		{C3A6BDF9-BE64-4C23-8078-776722D68FDD}.Debug-Vulkan|Any CPU.Build.0 = Debug|x64
		{C3A6BDF9-BE64-4C23-8078-776722D68FDD}.Debug-Vulkan|x64.ActiveCfg = Debug|x64
		{C3A6BDF9-BE64-4C23-8078-776722D68FDD}.Debug-Vulkan|x64.Build.0 = Debug|x64
		{C3A6BDF9-BE64-4C23-8078-776722D68FDD}.Debug-Vulkan|x86.ActiveCfg = Debug|x64
		{C3A6BDF9-BE64-4C23-8078-776722D68FDD}.Debug-Vulkan|x86.Build.0 = Debug|x64
		{C3A6BDF9-BE64-4C23-8078-776722D68FDD}.Release|Any CPU.ActiveCfg = Release|x64
		{C3A6BDF9-BE64-4C23-8078-776722D68FDD}.Release|Any CPU.Build.0 = Release|x64
		{C3A6BDF9-BE64-4C23-8078-776722D68FDD}.Release|x64.ActiveCfg = Release|x64
		{C3A6BDF9-BE64-4C23-8078-776722D68FDD}.Release|x64.Build.0 = Release|x64
		{C3A6BDF9-BE64-4C23-8078-776722D68FDD}.Release|x86.ActiveCfg = Release|x64
		{C3A6BDF9-BE64-4C23-8078-776722D68FDD}.Release|x86.Build.0 = Release|x64
		{C3A6BDF9-BE64-4C23-8078-776722D68FDD}.Release-Direct3D12|Any CPU.ActiveCfg = Release|x64
		{C3A6BDF9-BE64-4C23-8078-776722D68FDD}.Release-Direct3D12|Any CPU.Build.0 = Release|x64
		{C3A6BDF9-BE64-4C23-8078-776722D68FDD}.Release-Direct3D12|x64.ActiveCfg = Release|x64
		{C3A6BDF9-BE64-4C23-8078-776722D68FDD}.Release-Direct3D12|x64.Build.0 = Release|x64
		{C3A6BDF9-BE64-4C23-8078-776722D68FDD}.Release-Direct3D12|x86.ActiveCfg = Release|x64
		{C3A6BDF9-BE64-4C23-8078-776722D68FDD}.Release-Direct3D12|x86.Build.0 = Release|x64
		{8A3C8A98-8A41-43A0-89DF-81420DC02AEA}.Debug|Any CPU.ActiveCfg = Debug|x64
		{8A3C8A98-8A41-43A0-89DF-81420DC02AEA}.Debug|Any CPU.Build.0 = Debug|x64
		{8A3C8A98-8A41-43A0-89DF-81420DC02AEA}.Debug|x64.ActiveCfg = Debug|x64
		{8A3C8A98-8A41-43A0-89DF-81420DC02AEA}.Debug|x64.Build.0 = Debug|x64
		{8A3C8A98-8A41-43A0-89DF-81420DC02AEA}.Debug|x86.ActiveCfg = Debug|Win32
		{8A3C8A98-8A41-43A0-89DF-81420DC02AEA}.Debug|x86.Build.0 = Debug|Win32
		{8A3C8A98-8A41-43A0-89DF-81420DC02AEA}.Debug-Direct3D12|Any CPU.ActiveCfg = Debug|x64
		{8A3C8A98-8A41-43A0-89DF-81420DC02AEA}.Debug-Direct3D12|Any CPU.Build.0 = Debug|x64
		{8A3C8A98-8A41-43A0-89DF-81420DC02AEA}.Debug-Direct3D12|x64.ActiveCfg = Debug|x64
		{8A3C8A98-8A41-43A0-89DF-81420DC02AEA}.Debug-Direct3D12|x64.Build.0 = Debug|x64
		{8A3C8A98-8A41-43A0-89DF-81420DC02AEA}.Debug-Direct3D12|x86.ActiveCfg = Debug|Win32
		{8A3C8A98-8A41-43A0-89DF-81420DC02AEA}.Debug-Direct3D12|x86.Build.0 = Debug|Win32
		{8A3C8A98-8A41-43A0-89DF-81420DC02AEA}.Debug-Vulkan|Any CPU.ActiveCfg = Debug|x64
		{8A3C8A98-8A41-43A0-89DF-81420DC02AEA}.Debug-Vulkan|Any CPU.Build.0 = Debug|x64
		{8A3C8A98-8A41-43A0-89DF-81420DC02AEA}.Debug-Vulkan|x64.ActiveCfg = Debug|x64
		{8A3C8A98-8A41-43A0-89DF-81420DC02AEA}.Debug-Vulkan|x64.Build.0 = Debug|x64
		{8A3C8A98-8A41-43A0-89DF-81420DC02AEA}.Debug-Vulkan|x86.ActiveCfg = Debug|Win32
		{8A3C8A98-8A41-43A0-89DF-81420DC02AEA}.Debug-Vulkan|x86.Build.0 = Debug|Win32
		{8A3C8A98-8A41-43A0-89DF-81420DC02AEA}.Release|Any CPU.ActiveCfg = Release|x64
		{8A3C8A98-8A41-43A0-89DF-81420DC02AEA}.Release|Any CPU.Build.0 = Release|x64
		{8A3C8A98-8A41-43A0-89DF-81420DC02AEA}.Release|x64.ActiveCfg = Release|x64
		{8A3C8A98-8A41-43A0-89DF-81420DC02AEA}.Release|x64.Build.0 = Release|x64
		{8A3C8A98-8A41-43A0-89DF-81420DC02AEA}.Release|x86.ActiveCfg = Release|Win32
		{8A3C8A98-8A41-43A0-89DF-81420DC02AEA}.Release|x86.Build.0 = Release|Win32
		{8A3C8A98-8A41-43A0-89DF-81420DC02AEA}.Release-Direct3D12|Any CPU.ActiveCfg = Release|x64
		{8A3C8A98-8A41-43A0-89DF-81420DC02AEA}.Release-Direct3D12|Any CPU.Build.0 = Release|x64
		{8A3C8A98-8A41-43A0-89DF-81420DC02AEA}.Release-Direct3D12|x64.ActiveCfg = Release|x64
		{8A3C8A98-8A41-43A0-89DF-81420DC02AEA}.Release-Direct3D12|x64.Build.0 = Release|x64
		{8A3C8A98-8A41-43A0-89DF-81420DC02AEA}.Release-Direct3D12|x86.ActiveCfg = Release|Win32
		{8A3C8A98-8A41-43A0-89DF-81420DC02AEA}.Release-Direct3D12|x86.Build.0 = Release|Win32
		{6545E5F4-73A4-4D35-8207-F71AEF67DA4D}.Debug|Any CPU.ActiveCfg = Debug|x64
		{6545E5F4-73A4-4D35-8207-F71AEF67DA4D}.Debug|Any CPU.Build.0 = Debug|x64
		{6545E5F4-73A4-4D35-8207-F71AEF67DA4D}.Debug|x64.ActiveCfg = Debug|x64
		{6545E5F4-73A4-4D35-8207-F71AEF67DA4D}.Debug|x64.Build.0 = Debug|x64
		{6545E5F4-73A4-4D35-8207-F71AEF67DA4D}.Debug|x86.ActiveCfg = Debug|Win32
		{6545E5F4-73A4-4D35-8207-F71AEF67DA4D}.Debug|x86.Build.0 = Debug|Win32
		{6545E5F4-73A4-4D35-8207-F71AEF67DA4D}.Debug-Direct3D12|Any CPU.ActiveCfg = Debug|x64
		{6545E5F4-73A4-4D35-8207-F71AEF67DA4D}.Debug-Direct3D12|Any CPU.Build.0 = Debug|x64
		{6545E5F4-73A4-4D35-8207-F71AEF67DA4D}.Debug-Direct3D12|x64.ActiveCfg = Debug|x64
		{6545E5F4-73A4-4D35-8207-F71AEF67DA4D}.Debug-Direct3D12|x64.Build.0 = Debug|x64
		{6545E5F4-73A4-4D35-8207-F71AEF67DA4D}.Debug-Direct3D12|x86.ActiveCfg = Debug|Win32
		{6545E5F4-73A4-4D35-8207-F71AEF67DA4D}.Debug-Direct3D12|x86.Build.0 = Debug|Win32
		{6545E5F4-73A4-4D35-8207-F71AEF67DA4D}.Debug-Vulkan|Any CPU.ActiveCfg = Debug|x64
		{6545E5F4-73A4-4D35-8207-F71AEF67DA4D}.Debug-Vulkan|Any CPU.Build.0 = Debug|x64
		{6545E5F4-73A4-4D35-8207-F71AEF67DA4D}.Debug-Vulkan|x64.ActiveCfg = Debug|x64
		{6545E5F4-73A4-4D35-8207-F71AEF67DA4D}.Debug-Vulkan|x64.Build.0 = Debug|x64
		{6545E5F4-73A4-4D35-8207-F71AEF67DA4D}.Debug-Vulkan|x86.ActiveCfg = Debug|Win32
		{6545E5F4-73A4-4D35-8207-F71AEF67DA4D}.Debug-Vulkan|x86.Build.0 = Debug|Win32
		{6545E5F4-73A4-4D35-8207-F71AEF67DA4D}.Release|Any CPU.ActiveCfg = Release|x64
		{6545E5F4-73A4-4D35-8207-F71AEF67DA4D}.Release|Any CPU.Build.0 = Release|x64
		{6545E5F4-73A4-4D35-8207-F71AEF67DA4D}.Release|x64.ActiveCfg = Release|x64
		{6545E5F4-73A4-4D35-8207-F71AEF67DA4D}.Release|x64.Build.0 = Release|x64
		{6545E5F4-73A4-4D35-8207-F71AEF67DA4D}.Release|x86.ActiveCfg = Release|Win32
		{6545E5F4-73A4-4D35-8207-F71AEF67DA4D}.Release|x86.Build.0 = Release|Win32
		{6545E5F4-73A4-4D35-8207-F71AEF67DA4D}.Release-Direct3D12|Any CPU.ActiveCfg = Release|x64
		{6545E5F4-73A4-4D35-8207-F71AEF67DA4D}.Release-Direct3D12|Any CPU.Build.0 = Release|x64
		{6545E5F4-73A4-4D35-8207-F71AEF67DA4D}.Release-Direct3D12|x64.ActiveCfg = Release|x64
		{6545E5F4-73A4-4D35-8207-F71AEF67DA4D}.Release-Direct3D12|x64.Build.0 = Release|x64
		{6545E5F4-73A4-4D35-8207-F71AEF67DA4D}.Release-Direct3D12|x86.ActiveCfg = Release|Win32
		{6545E5F4-73A4-4D35-8207-F71AEF67DA4D}.Release-Direct3D12|x86.Build.0 = Release|Win32
		{C6CF0B61-B7FF-4343-B0DA-9412FCF1219D}.Debug|Any CPU.ActiveCfg = Debug-Vulkan|x64
		{C6CF0B61-B7FF-4343-B0DA-9412FCF1219D}.Debug|Any CPU.Build.0 = Debug-Vulkan|x64
		{C6CF0B61-B7FF-4343-B0DA-9412FCF1219D}.Debug|x64.ActiveCfg = Debug-Vulkan|x64
		{C6CF0B61-B7FF-4343-B0DA-9412FCF1219D}.Debug|x64.Build.0 = Debug-Vulkan|x64
		{C6CF0B61-B7FF-4343-B0DA-9412FCF1219D}.Debug|x86.ActiveCfg = Debug-Vulkan|Win32
		{C6CF0B61-B7FF-4343-B0DA-9412FCF1219D}.Debug|x86.Build.0 = Debug-Vulkan|Win32
		{C6CF0B61-B7FF-4343-B0DA-9412FCF1219D}.Debug-Direct3D12|Any CPU.ActiveCfg = Debug-Direct3D12|x64
		{C6CF0B61-B7FF-4343-B0DA-9412FCF1219D}.Debug-Direct3D12|Any CPU.Build.0 = Debug-Direct3D12|x64
		{C6CF0B61-B7FF-4343-B0DA-9412FCF1219D}.Debug-Direct3D12|x64.ActiveCfg = Debug-Direct3D12|x64
		{C6CF0B61-B7FF-4343-B0DA-9412FCF1219D}.Debug-Direct3D12|x64.Build.0 = Debug-Direct3D12|x64
		{C6CF0B61-B7FF-4343-B0DA-9412FCF1219D}.Debug-Direct3D12|x86.ActiveCfg = Debug-Direct3D12|Win32
		{C6CF0B61-B7FF-4343-B0DA-9412FCF1219D}.Debug-Direct3D12|x86.Build.0 = Debug-Direct3D12|Win32
		{C6CF0B61-B7FF-4343-B0DA-9412FCF1219D}.Debug-Vulkan|Any CPU.ActiveCfg = Debug-Vulkan|x64
		{C6CF0B61-B7FF-4343-B0DA-9412FCF1219D}.Debug-Vulkan|Any CPU.Build.0 = Debug-Vulkan|x64
		{C6CF0B61-B7FF-4343-B0DA-9412FCF1219D}.Debug-Vulkan|x64.ActiveCfg = Debug-Vulkan|x64
		{C6CF0B61-B7FF-4343-B0DA-9412FCF1219D}.Debug-Vulkan|x64.Build.0 = Debug-Vulkan|x64
		{C6CF0B61-B7FF-4343-B0DA-9412FCF1219D}.Debug-Vulkan|x86.ActiveCfg = Debug-Vulkan|Win32
		{C6CF0B61-B7FF-4343-B0DA-9412FCF1219D}.Debug-Vulkan|x86.Build.0 = Debug-Vulkan|Win32
		{C6CF0B61-B7FF-4343-B0DA-9412FCF1219D}.Release|Any CPU.ActiveCfg = Release-Direct3D12|x64
		{C6CF0B61-B7FF-4343-B0DA-9412FCF1219D}.Release|Any CPU.Build.0 = Release-Direct3D12|x64
		{C6CF0B61-B7FF-4343-B0DA-9412FCF1219D}.Release|x64.ActiveCfg = Release-Direct3D12|x64
		{C6CF0B61-B7FF-4343-B0DA-9412FCF1219D}.Release|x64.Build.0 = Release-Direct3D12|x64
		{C6CF0B61-B7FF-4343-B0DA-9412FCF1219D}.Release|x86.ActiveCfg = Release-Direct3D12|Win32
		{C6CF0B61-B7FF-4343-B0DA-9412FCF1219D}.Release|x86.Build.0 = Release-Direct3D12|Win32
		{C6CF0B61-B7FF-4343-B0DA-9412FCF1219D}.Release-Direct3D12|Any CPU.ActiveCfg = Release-Direct3D12|x64
		{C6CF0B61-B7FF-4343-B0DA-9412FCF1219D}.Release-Direct3D12|Any CPU.Build.0 = Release-Direct3D12|x64
		{C6CF0B61-B7FF-4343-B0DA-9412FCF1219D}.Release-Direct3D12|x64.ActiveCfg = Release-Direct3D12|x64
		{C6CF0B61-B7FF-4343-B0DA-9412FCF1219D}.Release-Direct3D12|x64.Build.0 = Release-Direct3D12|x64
		{C6CF0B61-B7FF-4343-B0DA-9412FCF1219D}.Release-Direct3D12|x86.ActiveCfg = Release-Direct3D12|Win32
		{C6CF0B61-B7FF-4343-B0DA-9412FCF1219D}.Release-Direct3D12|x86.Build.0 = Release-Direct3D12|Win32
		{3D81EE23-8ADE-464F-B2D4-10E03F062792}.Debug|Any CPU.ActiveCfg = Debug|x64
		{3D81EE23-8ADE-464F-B2D4-10E03F062792}.Debug|Any CPU.Build.0 = Debug|x64
		{3D81EE23-8ADE-464F-B2D4-10E03F062792}.Debug|x64.ActiveCfg = Debug|x64
		{3D81EE23-8ADE-464F-B2D4-10E03F062792}.Debug|x64.Build.0 = Debug|x64
		{3D81EE23-8ADE-464F-B2D4-10E03F062792}.Debug|x86.ActiveCfg = Debug|Win32
		{3D81EE23-8ADE-464F-B2D4-10E03F062792}.Debug|x86.Build.0 = Debug|Win32
		{3D81EE23-8ADE-464F-B2D4-10E03F062792}.Debug-Direct3D12|Any CPU.ActiveCfg = Debug|x64
		{3D81EE23-8ADE-464F-B2D4-10E03F062792}.Debug-Direct3D12|Any CPU.Build.0 = Debug|x64
		{3D81EE23-8ADE-464F-B2D4-10E03F062792}.Debug-Direct3D12|x64.ActiveCfg = Debug|x64
		{3D81EE23-8ADE-464F-B2D4-10E03F062792}.Debug-Direct3D12|x64.Build.0 = Debug|x64
		{3D81EE23-8ADE-464F-B2D4-10E03F062792}.Debug-Direct3D12|x86.ActiveCfg = Debug|Win32
		{3D81EE23-8ADE-464F-B2D4-10E03F062792}.Debug-Direct3D12|x86.Build.0 = Debug|Win32
		{3D81EE23-8ADE-464F-B2D4-10E03F062792}.Debug-Vulkan|Any CPU.ActiveCfg = Debug|x64
		{3D81EE23-8ADE-464F-B2D4-10E03F062792}.Debug-Vulkan|Any CPU.Build.0 = Debug|x64
		{3D81EE23-8ADE-464F-B2D4-10E03F062792}.Debug-Vulkan|x64.ActiveCfg = Debug|x64
		{3D81EE23-8ADE-464F-B2D4-10E03F062792}.Debug-Vulkan|x64.Build.0 = Debug|x64
		{3D81EE23-8ADE-464F-B2D4-10E03F062792}.Debug-Vulkan|x86.ActiveCfg = Debug|Win32
		{3D81EE23-8ADE-464F-B2D4-10E03F062792}.Debug-Vulkan|x86.Build.0 = Debug|Win32
		{3D81EE23-8ADE-464F-B2D4-10E03F062792}.Release|Any CPU.ActiveCfg = Release|x64
		{3D81EE23-8ADE-464F-B2D4-10E03F062792}.Release|Any CPU.Build.0 = Release|x64
		{3D81EE23-8ADE-464F-B2D4-10E03F062792}.Release|x64.ActiveCfg = Release|x64
		{3D81EE23-8ADE-464F-B2D4-10E03F062792}.Release|x64.Build.0 = Release|x64
		{3D81EE23-8ADE-464F-B2D4-10E03F062792}.Release|x86.ActiveCfg = Release|Win32
		{3D81EE23-8ADE-464F-B2D4-10E03F062792}.Release|x86.Build.0 = Release|Win32
		{3D81EE23-8ADE-464F-B2D4-10E03F062792}.Release-Direct3D12|Any CPU.ActiveCfg = Release|x64
		{3D81EE23-8ADE-464F-B2D4-10E03F062792}.Release-Direct3D12|Any CPU.Build.0 = Release|x64
		{3D81EE23-8ADE-464F-B2D4-10E03F062792}.Release-Direct3D12|x64.ActiveCfg = Release|x64
		{3D81EE23-8ADE-464F-B2D4-10E03F062792}.Release-Direct3D12|x64.Build.0 = Release|x64
		{3D81EE23-8ADE-464F-B2D4-10E03F062792}.Release-Direct3D12|x86.ActiveCfg = Release|Win32
		{3D81EE23-8ADE-464F-B2D4-10E03F062792}.Release-Direct3D12|x86.Build.0 = Release|Win32
		{5116AEE8-1AE1-4B84-B851-85A2F5EE5A68}.Debug|Any CPU.ActiveCfg = Debug|Any CPU
		{5116AEE8-1AE1-4B84-B851-85A2F5EE5A68}.Debug|Any CPU.Build.0 = Debug|Any CPU
		{5116AEE8-1AE1-4B84-B851-85A2F5EE5A68}.Debug|x64.ActiveCfg = Debug|Any CPU
		{5116AEE8-1AE1-4B84-B851-85A2F5EE5A68}.Debug|x64.Build.0 = Debug|Any CPU
		{5116AEE8-1AE1-4B84-B851-85A2F5EE5A68}.Debug|x86.ActiveCfg = Debug|Any CPU
		{5116AEE8-1AE1-4B84-B851-85A2F5EE5A68}.Debug|x86.Build.0 = Debug|Any CPU
		{5116AEE8-1AE1-4B84-B851-85A2F5EE5A68}.Debug-Direct3D12|Any CPU.ActiveCfg = Debug|Any CPU
		{5116AEE8-1AE1-4B84-B851-85A2F5EE5A68}.Debug-Direct3D12|Any CPU.Build.0 = Debug|Any CPU
		{5116AEE8-1AE1-4B84-B851-85A2F5EE5A68}.Debug-Direct3D12|x64.ActiveCfg = Debug|Any CPU
		{5116AEE8-1AE1-4B84-B851-85A2F5EE5A68}.Debug-Direct3D12|x64.Build.0 = Debug|Any CPU
		{5116AEE8-1AE1-4B84-B851-85A2F5EE5A68}.Debug-Direct3D12|x86.ActiveCfg = Debug|Any CPU
		{5116AEE8-1AE1-4B84-B851-85A2F5EE5A68}.Debug-Direct3D12|x86.Build.0 = Debug|Any CPU
		{5116AEE8-1AE1-4B84-B851-85A2F5EE5A68}.Debug-Vulkan|Any CPU.ActiveCfg = Debug|Any CPU
		{5116AEE8-1AE1-4B84-B851-85A2F5EE5A68}.Debug-Vulkan|Any CPU.Build.0 = Debug|Any CPU
		{5116AEE8-1AE1-4B84-B851-85A2F5EE5A68}.Debug-Vulkan|x64.ActiveCfg = Debug|Any CPU
		{5116AEE8-1AE1-4B84-B851-85A2F5EE5A68}.Debug-Vulkan|x64.Build.0 = Debug|Any CPU
		{5116AEE8-1AE1-4B84-B851-85A2F5EE5A68}.Debug-Vulkan|x86.ActiveCfg = Debug|Any CPU
		{5116AEE8-1AE1-4B84-B851-85A2F5EE5A68}.Debug-Vulkan|x86.Build.0 = Debug|Any CPU
		{5116AEE8-1AE1-4B84-B851-85A2F5EE5A68}.Release|Any CPU.ActiveCfg = Release|Any CPU
		{5116AEE8-1AE1-4B84-B851-85A2F5EE5A68}.Release|Any CPU.Build.0 = Release|Any CPU
		{5116AEE8-1AE1-4B84-B851-85A2F5EE5A68}.Release|x64.ActiveCfg = Release|Any CPU
		{5116AEE8-1AE1-4B84-B851-85A2F5EE5A68}.Release|x64.Build.0 = Release|Any CPU
		{5116AEE8-1AE1-4B84-B851-85A2F5EE5A68}.Release|x86.ActiveCfg = Release|Any CPU
		{5116AEE8-1AE1-4B84-B851-85A2F5EE5A68}.Release|x86.Build.0 = Release|Any CPU
		{5116AEE8-1AE1-4B84-B851-85A2F5EE5A68}.Release-Direct3D12|Any CPU.ActiveCfg = Release|Any CPU
		{5116AEE8-1AE1-4B84-B851-85A2F5EE5A68}.Release-Direct3D12|Any CPU.Build.0 = Release|Any CPU
		{5116AEE8-1AE1-4B84-B851-85A2F5EE5A68}.Release-Direct3D12|x64.ActiveCfg = Release|Any CPU
		{5116AEE8-1AE1-4B84-B851-85A2F5EE5A68}.Release-Direct3D12|x64.Build.0 = Release|Any CPU
		{5116AEE8-1AE1-4B84-B851-85A2F5EE5A68}.Release-Direct3D12|x86.ActiveCfg = Release|Any CPU
		{5116AEE8-1AE1-4B84-B851-85A2F5EE5A68}.Release-Direct3D12|x86.Build.0 = Release|Any CPU
		{E5D74D57-3E3F-43C2-BEEA-30F23D6F3BF6}.Debug|Any CPU.ActiveCfg = Debug|Any CPU
		{E5D74D57-3E3F-43C2-BEEA-30F23D6F3BF6}.Debug|Any CPU.Build.0 = Debug|Any CPU
		{E5D74D57-3E3F-43C2-BEEA-30F23D6F3BF6}.Debug|x64.ActiveCfg = Debug|Any CPU
		{E5D74D57-3E3F-43C2-BEEA-30F23D6F3BF6}.Debug|x64.Build.0 = Debug|Any CPU
		{E5D74D57-3E3F-43C2-BEEA-30F23D6F3BF6}.Debug|x86.ActiveCfg = Debug|Any CPU
		{E5D74D57-3E3F-43C2-BEEA-30F23D6F3BF6}.Debug|x86.Build.0 = Debug|Any CPU
		{E5D74D57-3E3F-43C2-BEEA-30F23D6F3BF6}.Debug-Direct3D12|Any CPU.ActiveCfg = Debug|Any CPU
		{E5D74D57-3E3F-43C2-BEEA-30F23D6F3BF6}.Debug-Direct3D12|Any CPU.Build.0 = Debug|Any CPU
		{E5D74D57-3E3F-43C2-BEEA-30F23D6F3BF6}.Debug-Direct3D12|x64.ActiveCfg = Debug|Any CPU
		{E5D74D57-3E3F-43C2-BEEA-30F23D6F3BF6}.Debug-Direct3D12|x64.Build.0 = Debug|Any CPU
		{E5D74D57-3E3F-43C2-BEEA-30F23D6F3BF6}.Debug-Direct3D12|x86.ActiveCfg = Debug|Any CPU
		{E5D74D57-3E3F-43C2-BEEA-30F23D6F3BF6}.Debug-Direct3D12|x86.Build.0 = Debug|Any CPU
		{E5D74D57-3E3F-43C2-BEEA-30F23D6F3BF6}.Debug-Vulkan|Any CPU.ActiveCfg = Debug|Any CPU
		{E5D74D57-3E3F-43C2-BEEA-30F23D6F3BF6}.Debug-Vulkan|Any CPU.Build.0 = Debug|Any CPU
		{E5D74D57-3E3F-43C2-BEEA-30F23D6F3BF6}.Debug-Vulkan|x64.ActiveCfg = Debug|Any CPU
		{E5D74D57-3E3F-43C2-BEEA-30F23D6F3BF6}.Debug-Vulkan|x64.Build.0 = Debug|Any CPU
		{E5D74D57-3E3F-43C2-BEEA-30F23D6F3BF6}.Debug-Vulkan|x86.ActiveCfg = Debug|Any CPU
		{E5D74D57-3E3F-43C2-BEEA-30F23D6F3BF6}.Debug-Vulkan|x86.Build.0 = Debug|Any CPU
		{E5D74D57-3E3F-43C2-BEEA-30F23D6F3BF6}.Release|Any CPU.ActiveCfg = Release|Any CPU
		{E5D74D57-3E3F-43C2-BEEA-30F23D6F3BF6}.Release|Any CPU.Build.0 = Release|Any CPU
		{E5D74D57-3E3F-43C2-BEEA-30F23D6F3BF6}.Release|x64.ActiveCfg = Release|Any CPU
		{E5D74D57-3E3F-43C2-BEEA-30F23D6F3BF6}.Release|x64.Build.0 = Release|Any CPU
		{E5D74D57-3E3F-43C2-BEEA-30F23D6F3BF6}.Release|x86.ActiveCfg = Release|Any CPU
		{E5D74D57-3E3F-43C2-BEEA-30F23D6F3BF6}.Release|x86.Build.0 = Release|Any CPU
		{E5D74D57-3E3F-43C2-BEEA-30F23D6F3BF6}.Release-Direct3D12|Any CPU.ActiveCfg = Release|Any CPU
		{E5D74D57-3E3F-43C2-BEEA-30F23D6F3BF6}.Release-Direct3D12|Any CPU.Build.0 = Release|Any CPU
		{E5D74D57-3E3F-43C2-BEEA-30F23D6F3BF6}.Release-Direct3D12|x64.ActiveCfg = Release|Any CPU
		{E5D74D57-3E3F-43C2-BEEA-30F23D6F3BF6}.Release-Direct3D12|x64.Build.0 = Release|Any CPU
		{E5D74D57-3E3F-43C2-BEEA-30F23D6F3BF6}.Release-Direct3D12|x86.ActiveCfg = Release|Any CPU
		{E5D74D57-3E3F-43C2-BEEA-30F23D6F3BF6}.Release-Direct3D12|x86.Build.0 = Release|Any CPU
	EndGlobalSection
	GlobalSection(SolutionProperties) = preSolution
		HideSolutionNode = FALSE
	EndGlobalSection
	GlobalSection(ExtensibilityGlobals) = postSolution
		SolutionGuid = {D1B114BD-3E0B-48B0-8BF5-8AF708B8ACFB}
	EndGlobalSection
EndGlobal
