
Microsoft Visual Studio Solution File, Format Version 12.00
# Visual Studio Version 17
VisualStudioVersion = 17.3.32922.545
MinimumVisualStudioVersion = 10.0.40219.1
Global
	GlobalSection(SolutionConfigurationPlatforms) = preSolution
		Debug-Direct3D12|Any CPU = Debug-Direct3D12|Any CPU
		Debug-Direct3D12|x64 = Debug-Direct3D12|x64
		Debug-Direct3D12|x86 = Debug-Direct3D12|x86
		Debug-Vulkan|Any CPU = Debug-Vulkan|Any CPU
		Debug-Vulkan|x64 = Debug-Vulkan|x64
		Debug-Vulkan|x86 = Debug-Vulkan|x86
		Debug|Any CPU = Debug|Any CPU
		Debug|x64 = Debug|x64
		Debug|x86 = Debug|x86
		Release-Direct3D12|Any CPU = Release-Direct3D12|Any CPU
		Release-Direct3D12|x64 = Release-Direct3D12|x64
		Release-Direct3D12|x86 = Release-Direct3D12|x86
		Release|Any CPU = Release|Any CPU
		Release|x64 = Release|x64
		Release|x86 = Release|x86
	EndGlobalSection
	GlobalSection(ProjectConfigurationPlatforms) = postSolution
	EndGlobalSection
	GlobalSection(SolutionProperties) = preSolution
		HideSolutionNode = FALSE
	EndGlobalSection
	GlobalSection(ExtensibilityGlobals) = postSolution
		SolutionGuid = {D1B114BD-3E0B-48B0-8BF5-8AF708B8ACFB}
	EndGlobalSection
EndGlobal
